
Microsoft Visual Studio Solution File, Format Version 12.00
# Visual Studio Version 16
VisualStudioVersion = 16.0.31702.278
MinimumVisualStudioVersion = 10.0.40219.1
Project("{FAE04EC0-301F-11D3-BF4B-00C04F79EFBC}") = "EnhancedDevelopment.Prometheus", "EnhancedDevelopment.Prometheus.csproj", "{741C873C-F454-4B9D-A320-3936FA4EC28D}"
EndProject
Global
	GlobalSection(SolutionConfigurationPlatforms) = preSolution
		Debug|Any CPU = Debug|Any CPU
		Release|Any CPU = Release|Any CPU
	EndGlobalSection
	GlobalSection(ProjectConfigurationPlatforms) = postSolution
		{741C873C-F454-4B9D-A320-3936FA4EC28D}.Debug|Any CPU.ActiveCfg = Debug|Any CPU
		{741C873C-F454-4B9D-A320-3936FA4EC28D}.Debug|Any CPU.Build.0 = Debug|Any CPU
		{741C873C-F454-4B9D-A320-3936FA4EC28D}.Release|Any CPU.ActiveCfg = Release|Any CPU
		{741C873C-F454-4B9D-A320-3936FA4EC28D}.Release|Any CPU.Build.0 = Release|Any CPU
	EndGlobalSection
	GlobalSection(SolutionProperties) = preSolution
		HideSolutionNode = FALSE
	EndGlobalSection
	GlobalSection(ExtensibilityGlobals) = postSolution
		SolutionGuid = {F9B46E84-06A6-4E0F-841B-19D8AF3BF990}
	EndGlobalSection
EndGlobal
